Microsoft Visual Studio Solution File, Format Version 12.00
# Visual Studio Version 17
VisualStudioVersion = 17.12.35506.116
MinimumVisualStudioVersion = 10.0.40219.1
Project("{FAE04EC0-301F-11D3-BF4B-00C04F79EFBC}") = "TrackerApp.AppHost", "TrackerApp.AppHost\TrackerApp.AppHost.csproj", "{5BFBB56A-FC55-4633-949B-9DA500646057}"
EndProject
Project("{FAE04EC0-301F-11D3-BF4B-00C04F79EFBC}") = "TrackerApp.ServiceDefaults", "TrackerApp.ServiceDefaults\TrackerApp.ServiceDefaults.csproj", "{03F78480-0289-4284-9199-074DADEEDDA2}"
EndProject
Project("{2150E333-8FDC-42A3-9474-1A3956D46DE8}") = "Services", "Services", "{6806A416-C653-4B3C-AC43-847D408C4DDD}"
EndProject
Project("{FAE04EC0-301F-11D3-BF4B-00C04F79EFBC}") = "Identity.API", "Services\Identity.API\Identity.API.csproj", "{C67BF351-B73F-4032-9163-7CC72E382206}"
EndProject
Project("{2150E333-8FDC-42A3-9474-1A3956D46DE8}") = "Gateway", "Gateway", "{8FAFF6E3-0B72-44F5-A716-E5A33BAF80F9}"
EndProject
Project("{2150E333-8FDC-42A3-9474-1A3956D46DE8}") = "Core", "Core", "{8D18DEB8-45E7-441D-8A63-8D9B78E73103}"
EndProject
Project("{2150E333-8FDC-42A3-9474-1A3956D46DE8}") = "Base", "Base", "{F0AF8CDF-74F5-44C6-9B0C-77DF91EB397B}"
EndProject
Project("{2150E333-8FDC-42A3-9474-1A3956D46DE8}") = "src", "src", "{2ADF9323-790F-46A3-934C-80F6DAFD56C5}"
EndProject
Project("{2150E333-8FDC-42A3-9474-1A3956D46DE8}") = "Shared", "Shared", "{68BBDA15-1A9C-4759-A77A-8FE02F33D889}"
EndProject
Project("{FAE04EC0-301F-11D3-BF4B-00C04F79EFBC}") = "CoreBase.Enums", "Core\Base\CoreBase.Enums\CoreBase.Enums.csproj", "{343FD338-816B-41E5-8E57-D42A693B7C71}"
EndProject
Project("{FAE04EC0-301F-11D3-BF4B-00C04F79EFBC}") = "CoreBase.Attributes", "Core\Base\CoreBase.Attributes\CoreBase.Attributes.csproj", "{BB03E611-90D1-4007-A80D-615EACF10FF6}"
EndProject
Project("{FAE04EC0-301F-11D3-BF4B-00C04F79EFBC}") = "CoreBase.Extensions", "Core\Base\CoreBase.Extensions\CoreBase.Extensions.csproj", "{51EB1327-E43F-4FBA-85B5-4EF3BB2E7429}"
EndProject
Project("{FAE04EC0-301F-11D3-BF4B-00C04F79EFBC}") = "CoreBase.Exceptions", "Core\Base\CoreBase.Exceptions\CoreBase.Exceptions.csproj", "{BCAF5771-0341-4037-8617-60BE786AF7EF}"
EndProject
Project("{FAE04EC0-301F-11D3-BF4B-00C04F79EFBC}") = "CoreBase.Interfaces", "Core\Base\CoreBase.Interfaces\CoreBase.Interfaces.csproj", "{14200BB5-D94B-4154-8BD0-5D3223035D0B}"
EndProject
Project("{FAE04EC0-301F-11D3-BF4B-00C04F79EFBC}") = "CoreBase.Consts", "Core\Base\CoreBase.Consts\CoreBase.Consts.csproj", "{C9D054A7-5223-4FB3-81F4-2394D0D4E168}"
EndProject
Project("{FAE04EC0-301F-11D3-BF4B-00C04F79EFBC}") = "TrackerGateway.API", "Gateway\TrackerGateway.API\TrackerGateway.API.csproj", "{D8890210-080E-4124-986E-175FEB4004EB}"
EndProject
Project("{FAE04EC0-301F-11D3-BF4B-00C04F79EFBC}") = "Product.API", "Services\Product.API\Product.API.csproj", "{D98EB644-282F-46A7-9FFC-7DD231A10F6D}"
EndProject
Project("{2150E333-8FDC-42A3-9474-1A3956D46DE8}") = "Onion", "Onion", "{EE635E08-5CC8-4FEE-A72C-2AE162FB385A}"
EndProject
Project("{FAE04EC0-301F-11D3-BF4B-00C04F79EFBC}") = "CoreOnion.Presentation", "Core\Onion\CoreOnion.Presentation\CoreOnion.Presentation.csproj", "{D7CCA7C8-1719-457A-BE79-ED2C707EF4A9}"
EndProject
Project("{FAE04EC0-301F-11D3-BF4B-00C04F79EFBC}") = "CoreBase.Dto", "Core\Base\CoreBase.Dto\CoreBase.Dto.csproj", "{CDD41EE2-F553-4CB7-9C7D-BC6926D39D1D}"
EndProject
Project("{FAE04EC0-301F-11D3-BF4B-00C04F79EFBC}") = "CoreOnion.Infrastructure", "Core\Onion\CoreOnion.Infrastructure\CoreOnion.Infrastructure.csproj", "{A8D89F79-918B-41A7-8390-665944426B93}"
EndProject
Project("{FAE04EC0-301F-11D3-BF4B-00C04F79EFBC}") = "CoreOnion.Application", "Core\Onion\CoreOnion.Application\CoreOnion.Application.csproj", "{D1A89914-6359-4BFE-9F55-94BB374751EB}"
EndProject
Project("{FAE04EC0-301F-11D3-BF4B-00C04F79EFBC}") = "CoreBase.Domain", "Core\Base\CoreBase.Domain\CoreBase.Domain.csproj", "{D84E86A7-FC7C-442E-81EF-3EFDA323C1CA}"
EndProject
Project("{FAE04EC0-301F-11D3-BF4B-00C04F79EFBC}") = "CoreOnion.Persistence", "Core\Onion\CoreOnion.Persistence\CoreOnion.Persistence.csproj", "{5896E7DA-44EA-44BA-88CA-2BD669B32E79}"
EndProject
Project("{FAE04EC0-301F-11D3-BF4B-00C04F79EFBC}") = "CoreBase.Middlewares", "Core\Base\CoreBase.Middlewares\CoreBase.Middlewares.csproj", "{FC4AB0C8-8000-4BBB-BB0A-37296DBBC9AF}"
EndProject
Project("{FAE04EC0-301F-11D3-BF4B-00C04F79EFBC}") = "CoreBase.Identity", "Core\Base\CoreBase.Identity\CoreBase.Identity.csproj", "{0271A7A5-3894-4189-892F-0E9634554C1B}"
EndProject
Project("{FAE04EC0-301F-11D3-BF4B-00C04F79EFBC}") = "CoreOnion.Identity", "Core\Onion\CoreOnion.Identity\CoreOnion.Identity.csproj", "{72381595-B57E-438A-A524-DFE7AA6EB289}"
EndProject
Project("{FAE04EC0-301F-11D3-BF4B-00C04F79EFBC}") = "CoreBase.RequestResponse", "Core\Base\CoreBase.RequestResponse\CoreBase.RequestResponse.csproj", "{F57136CB-CFEC-48F3-B0F3-6F87D26D85DC}"
EndProject
Project("{2150E333-8FDC-42A3-9474-1A3956D46DE8}") = "Identity", "Identity", "{CB2907CC-930F-4559-93EA-90CC78B0F3E4}"
EndProject
Project("{2150E333-8FDC-42A3-9474-1A3956D46DE8}") = "Product", "Product", "{D7D2A0A4-BAE3-4EA6-98DC-D789514F9EF2}"
EndProject
Project("{2150E333-8FDC-42A3-9474-1A3956D46DE8}") = "Core", "Core", "{1BC3BE09-C6C6-4947-BAD6-48475D43B2EC}"
EndProject
Project("{2150E333-8FDC-42A3-9474-1A3956D46DE8}") = "Infrastructure", "Infrastructure", "{E2D6937D-1557-4994-8266-7A05E74BBBDB}"
EndProject
Project("{FAE04EC0-301F-11D3-BF4B-00C04F79EFBC}") = "Identity.Application", "src\Identity\Core\Identity.Application\Identity.Application.csproj", "{BB9681E0-F6A1-4638-A90F-F0D4A08094C4}"
EndProject
Project("{2150E333-8FDC-42A3-9474-1A3956D46DE8}") = "SolutionItems", "SolutionItems", "{1D661846-CFAC-4E86-A203-89F1AB7C9CF3}"
	ProjectSection(SolutionItems) = preProject
		docker-compose.yml = docker-compose.yml
	EndProjectSection
EndProject
Project("{FAE04EC0-301F-11D3-BF4B-00C04F79EFBC}") = "CodeGeneration", "SolutionItems\CodeGeneration\CodeGeneration.csproj", "{D7EE7B5D-F8A8-4A33-8855-3CEC426E3DFD}"
EndProject
Project("{FAE04EC0-301F-11D3-BF4B-00C04F79EFBC}") = "SharedLibrary", "Shared\SharedLibrary\SharedLibrary.csproj", "{4C4EDFE9-3D61-4D2A-8832-67E262B4DD80}"
EndProject
Project("{FAE04EC0-301F-11D3-BF4B-00C04F79EFBC}") = "FileStorage.API", "Services\FileStorage.API\FileStorage.API.csproj", "{03AEC9DA-D00F-4824-A24A-74198AAB70F1}"
EndProject
Project("{FAE04EC0-301F-11D3-BF4B-00C04F79EFBC}") = "Identity.Persistence", "src\Identity\Infrastructure\Identity.Persistence\Identity.Persistence.csproj", "{368F4D5B-D1E3-43F2-B661-A0306A23F0EF}"
EndProject
Global
	GlobalSection(SolutionConfigurationPlatforms) = preSolution
		Debug|Any CPU = Debug|Any CPU
		Release|Any CPU = Release|Any CPU
	EndGlobalSection
	GlobalSection(ProjectConfigurationPlatforms) = postSolution
		{5BFBB56A-FC55-4633-949B-9DA500646057}.Debug|Any CPU.ActiveCfg = Debug|Any CPU
		{5BFBB56A-FC55-4633-949B-9DA500646057}.Debug|Any CPU.Build.0 = Debug|Any CPU
		{5BFBB56A-FC55-4633-949B-9DA500646057}.Release|Any CPU.ActiveCfg = Release|Any CPU
		{5BFBB56A-FC55-4633-949B-9DA500646057}.Release|Any CPU.Build.0 = Release|Any CPU
		{03F78480-0289-4284-9199-074DADEEDDA2}.Debug|Any CPU.ActiveCfg = Debug|Any CPU
		{03F78480-0289-4284-9199-074DADEEDDA2}.Debug|Any CPU.Build.0 = Debug|Any CPU
		{03F78480-0289-4284-9199-074DADEEDDA2}.Release|Any CPU.ActiveCfg = Release|Any CPU
		{03F78480-0289-4284-9199-074DADEEDDA2}.Release|Any CPU.Build.0 = Release|Any CPU
		{C67BF351-B73F-4032-9163-7CC72E382206}.Debug|Any CPU.ActiveCfg = Debug|Any CPU
		{C67BF351-B73F-4032-9163-7CC72E382206}.Debug|Any CPU.Build.0 = Debug|Any CPU
		{C67BF351-B73F-4032-9163-7CC72E382206}.Release|Any CPU.ActiveCfg = Release|Any CPU
		{C67BF351-B73F-4032-9163-7CC72E382206}.Release|Any CPU.Build.0 = Release|Any CPU
		{343FD338-816B-41E5-8E57-D42A693B7C71}.Debug|Any CPU.ActiveCfg = Debug|Any CPU
		{343FD338-816B-41E5-8E57-D42A693B7C71}.Debug|Any CPU.Build.0 = Debug|Any CPU
		{343FD338-816B-41E5-8E57-D42A693B7C71}.Release|Any CPU.ActiveCfg = Release|Any CPU
		{343FD338-816B-41E5-8E57-D42A693B7C71}.Release|Any CPU.Build.0 = Release|Any CPU
		{BB03E611-90D1-4007-A80D-615EACF10FF6}.Debug|Any CPU.ActiveCfg = Debug|Any CPU
		{BB03E611-90D1-4007-A80D-615EACF10FF6}.Debug|Any CPU.Build.0 = Debug|Any CPU
		{BB03E611-90D1-4007-A80D-615EACF10FF6}.Release|Any CPU.ActiveCfg = Release|Any CPU
		{BB03E611-90D1-4007-A80D-615EACF10FF6}.Release|Any CPU.Build.0 = Release|Any CPU
		{51EB1327-E43F-4FBA-85B5-4EF3BB2E7429}.Debug|Any CPU.ActiveCfg = Debug|Any CPU
		{51EB1327-E43F-4FBA-85B5-4EF3BB2E7429}.Debug|Any CPU.Build.0 = Debug|Any CPU
		{51EB1327-E43F-4FBA-85B5-4EF3BB2E7429}.Release|Any CPU.ActiveCfg = Release|Any CPU
		{51EB1327-E43F-4FBA-85B5-4EF3BB2E7429}.Release|Any CPU.Build.0 = Release|Any CPU
		{BCAF5771-0341-4037-8617-60BE786AF7EF}.Debug|Any CPU.ActiveCfg = Debug|Any CPU
		{BCAF5771-0341-4037-8617-60BE786AF7EF}.Debug|Any CPU.Build.0 = Debug|Any CPU
		{BCAF5771-0341-4037-8617-60BE786AF7EF}.Release|Any CPU.ActiveCfg = Release|Any CPU
		{BCAF5771-0341-4037-8617-60BE786AF7EF}.Release|Any CPU.Build.0 = Release|Any CPU
		{14200BB5-D94B-4154-8BD0-5D3223035D0B}.Debug|Any CPU.ActiveCfg = Debug|Any CPU
		{14200BB5-D94B-4154-8BD0-5D3223035D0B}.Debug|Any CPU.Build.0 = Debug|Any CPU
		{14200BB5-D94B-4154-8BD0-5D3223035D0B}.Release|Any CPU.ActiveCfg = Release|Any CPU
		{14200BB5-D94B-4154-8BD0-5D3223035D0B}.Release|Any CPU.Build.0 = Release|Any CPU
		{C9D054A7-5223-4FB3-81F4-2394D0D4E168}.Debug|Any CPU.ActiveCfg = Debug|Any CPU
		{C9D054A7-5223-4FB3-81F4-2394D0D4E168}.Debug|Any CPU.Build.0 = Debug|Any CPU
		{C9D054A7-5223-4FB3-81F4-2394D0D4E168}.Release|Any CPU.ActiveCfg = Release|Any CPU
		{C9D054A7-5223-4FB3-81F4-2394D0D4E168}.Release|Any CPU.Build.0 = Release|Any CPU
		{D8890210-080E-4124-986E-175FEB4004EB}.Debug|Any CPU.ActiveCfg = Debug|Any CPU
		{D8890210-080E-4124-986E-175FEB4004EB}.Debug|Any CPU.Build.0 = Debug|Any CPU
		{D8890210-080E-4124-986E-175FEB4004EB}.Release|Any CPU.ActiveCfg = Release|Any CPU
		{D8890210-080E-4124-986E-175FEB4004EB}.Release|Any CPU.Build.0 = Release|Any CPU
		{D98EB644-282F-46A7-9FFC-7DD231A10F6D}.Debug|Any CPU.ActiveCfg = Debug|Any CPU
		{D98EB644-282F-46A7-9FFC-7DD231A10F6D}.Debug|Any CPU.Build.0 = Debug|Any CPU
		{D98EB644-282F-46A7-9FFC-7DD231A10F6D}.Release|Any CPU.ActiveCfg = Release|Any CPU
		{D98EB644-282F-46A7-9FFC-7DD231A10F6D}.Release|Any CPU.Build.0 = Release|Any CPU
		{D7CCA7C8-1719-457A-BE79-ED2C707EF4A9}.Debug|Any CPU.ActiveCfg = Debug|Any CPU
		{D7CCA7C8-1719-457A-BE79-ED2C707EF4A9}.Debug|Any CPU.Build.0 = Debug|Any CPU
		{D7CCA7C8-1719-457A-BE79-ED2C707EF4A9}.Release|Any CPU.ActiveCfg = Release|Any CPU
		{D7CCA7C8-1719-457A-BE79-ED2C707EF4A9}.Release|Any CPU.Build.0 = Release|Any CPU
		{CDD41EE2-F553-4CB7-9C7D-BC6926D39D1D}.Debug|Any CPU.ActiveCfg = Debug|Any CPU
		{CDD41EE2-F553-4CB7-9C7D-BC6926D39D1D}.Debug|Any CPU.Build.0 = Debug|Any CPU
		{CDD41EE2-F553-4CB7-9C7D-BC6926D39D1D}.Release|Any CPU.ActiveCfg = Release|Any CPU
		{CDD41EE2-F553-4CB7-9C7D-BC6926D39D1D}.Release|Any CPU.Build.0 = Release|Any CPU
		{A8D89F79-918B-41A7-8390-665944426B93}.Debug|Any CPU.ActiveCfg = Debug|Any CPU
		{A8D89F79-918B-41A7-8390-665944426B93}.Debug|Any CPU.Build.0 = Debug|Any CPU
		{A8D89F79-918B-41A7-8390-665944426B93}.Release|Any CPU.ActiveCfg = Release|Any CPU
		{A8D89F79-918B-41A7-8390-665944426B93}.Release|Any CPU.Build.0 = Release|Any CPU
		{D1A89914-6359-4BFE-9F55-94BB374751EB}.Debug|Any CPU.ActiveCfg = Debug|Any CPU
		{D1A89914-6359-4BFE-9F55-94BB374751EB}.Debug|Any CPU.Build.0 = Debug|Any CPU
		{D1A89914-6359-4BFE-9F55-94BB374751EB}.Release|Any CPU.ActiveCfg = Release|Any CPU
		{D1A89914-6359-4BFE-9F55-94BB374751EB}.Release|Any CPU.Build.0 = Release|Any CPU
		{D84E86A7-FC7C-442E-81EF-3EFDA323C1CA}.Debug|Any CPU.ActiveCfg = Debug|Any CPU
		{D84E86A7-FC7C-442E-81EF-3EFDA323C1CA}.Debug|Any CPU.Build.0 = Debug|Any CPU
		{D84E86A7-FC7C-442E-81EF-3EFDA323C1CA}.Release|Any CPU.ActiveCfg = Release|Any CPU
		{D84E86A7-FC7C-442E-81EF-3EFDA323C1CA}.Release|Any CPU.Build.0 = Release|Any CPU
		{5896E7DA-44EA-44BA-88CA-2BD669B32E79}.Debug|Any CPU.ActiveCfg = Debug|Any CPU
		{5896E7DA-44EA-44BA-88CA-2BD669B32E79}.Debug|Any CPU.Build.0 = Debug|Any CPU
		{5896E7DA-44EA-44BA-88CA-2BD669B32E79}.Release|Any CPU.ActiveCfg = Release|Any CPU
		{5896E7DA-44EA-44BA-88CA-2BD669B32E79}.Release|Any CPU.Build.0 = Release|Any CPU
		{FC4AB0C8-8000-4BBB-BB0A-37296DBBC9AF}.Debug|Any CPU.ActiveCfg = Debug|Any CPU
		{FC4AB0C8-8000-4BBB-BB0A-37296DBBC9AF}.Debug|Any CPU.Build.0 = Debug|Any CPU
		{FC4AB0C8-8000-4BBB-BB0A-37296DBBC9AF}.Release|Any CPU.ActiveCfg = Release|Any CPU
		{FC4AB0C8-8000-4BBB-BB0A-37296DBBC9AF}.Release|Any CPU.Build.0 = Release|Any CPU
		{0271A7A5-3894-4189-892F-0E9634554C1B}.Debug|Any CPU.ActiveCfg = Debug|Any CPU
		{0271A7A5-3894-4189-892F-0E9634554C1B}.Debug|Any CPU.Build.0 = Debug|Any CPU
		{0271A7A5-3894-4189-892F-0E9634554C1B}.Release|Any CPU.ActiveCfg = Release|Any CPU
		{0271A7A5-3894-4189-892F-0E9634554C1B}.Release|Any CPU.Build.0 = Release|Any CPU
		{72381595-B57E-438A-A524-DFE7AA6EB289}.Debug|Any CPU.ActiveCfg = Debug|Any CPU
		{72381595-B57E-438A-A524-DFE7AA6EB289}.Debug|Any CPU.Build.0 = Debug|Any CPU
		{72381595-B57E-438A-A524-DFE7AA6EB289}.Release|Any CPU.ActiveCfg = Release|Any CPU
		{72381595-B57E-438A-A524-DFE7AA6EB289}.Release|Any CPU.Build.0 = Release|Any CPU
		{F57136CB-CFEC-48F3-B0F3-6F87D26D85DC}.Debug|Any CPU.ActiveCfg = Debug|Any CPU
		{F57136CB-CFEC-48F3-B0F3-6F87D26D85DC}.Debug|Any CPU.Build.0 = Debug|Any CPU
		{F57136CB-CFEC-48F3-B0F3-6F87D26D85DC}.Release|Any CPU.ActiveCfg = Release|Any CPU
		{F57136CB-CFEC-48F3-B0F3-6F87D26D85DC}.Release|Any CPU.Build.0 = Release|Any CPU
		{BB9681E0-F6A1-4638-A90F-F0D4A08094C4}.Debug|Any CPU.ActiveCfg = Debug|Any CPU
		{BB9681E0-F6A1-4638-A90F-F0D4A08094C4}.Debug|Any CPU.Build.0 = Debug|Any CPU
		{BB9681E0-F6A1-4638-A90F-F0D4A08094C4}.Release|Any CPU.ActiveCfg = Release|Any CPU
		{BB9681E0-F6A1-4638-A90F-F0D4A08094C4}.Release|Any CPU.Build.0 = Release|Any CPU
		{D7EE7B5D-F8A8-4A33-8855-3CEC426E3DFD}.Debug|Any CPU.ActiveCfg = Debug|Any CPU
		{D7EE7B5D-F8A8-4A33-8855-3CEC426E3DFD}.Debug|Any CPU.Build.0 = Debug|Any CPU
		{D7EE7B5D-F8A8-4A33-8855-3CEC426E3DFD}.Release|Any CPU.ActiveCfg = Release|Any CPU
		{D7EE7B5D-F8A8-4A33-8855-3CEC426E3DFD}.Release|Any CPU.Build.0 = Release|Any CPU
		{4C4EDFE9-3D61-4D2A-8832-67E262B4DD80}.Debug|Any CPU.ActiveCfg = Debug|Any CPU
		{4C4EDFE9-3D61-4D2A-8832-67E262B4DD80}.Debug|Any CPU.Build.0 = Debug|Any CPU
		{4C4EDFE9-3D61-4D2A-8832-67E262B4DD80}.Release|Any CPU.ActiveCfg = Release|Any CPU
		{4C4EDFE9-3D61-4D2A-8832-67E262B4DD80}.Release|Any CPU.Build.0 = Release|Any CPU
		{03AEC9DA-D00F-4824-A24A-74198AAB70F1}.Debug|Any CPU.ActiveCfg = Debug|Any CPU
		{03AEC9DA-D00F-4824-A24A-74198AAB70F1}.Debug|Any CPU.Build.0 = Debug|Any CPU
		{03AEC9DA-D00F-4824-A24A-74198AAB70F1}.Release|Any CPU.ActiveCfg = Release|Any CPU
		{03AEC9DA-D00F-4824-A24A-74198AAB70F1}.Release|Any CPU.Build.0 = Release|Any CPU
		{368F4D5B-D1E3-43F2-B661-A0306A23F0EF}.Debug|Any CPU.ActiveCfg = Debug|Any CPU
		{368F4D5B-D1E3-43F2-B661-A0306A23F0EF}.Debug|Any CPU.Build.0 = Debug|Any CPU
		{368F4D5B-D1E3-43F2-B661-A0306A23F0EF}.Release|Any CPU.ActiveCfg = Release|Any CPU
		{368F4D5B-D1E3-43F2-B661-A0306A23F0EF}.Release|Any CPU.Build.0 = Release|Any CPU
	EndGlobalSection
	GlobalSection(SolutionProperties) = preSolution
		HideSolutionNode = FALSE
	EndGlobalSection
	GlobalSection(NestedProjects) = preSolution
		{C67BF351-B73F-4032-9163-7CC72E382206} = {6806A416-C653-4B3C-AC43-847D408C4DDD}
		{F0AF8CDF-74F5-44C6-9B0C-77DF91EB397B} = {8D18DEB8-45E7-441D-8A63-8D9B78E73103}
		{343FD338-816B-41E5-8E57-D42A693B7C71} = {F0AF8CDF-74F5-44C6-9B0C-77DF91EB397B}
		{BB03E611-90D1-4007-A80D-615EACF10FF6} = {F0AF8CDF-74F5-44C6-9B0C-77DF91EB397B}
		{51EB1327-E43F-4FBA-85B5-4EF3BB2E7429} = {F0AF8CDF-74F5-44C6-9B0C-77DF91EB397B}
		{BCAF5771-0341-4037-8617-60BE786AF7EF} = {F0AF8CDF-74F5-44C6-9B0C-77DF91EB397B}
		{14200BB5-D94B-4154-8BD0-5D3223035D0B} = {F0AF8CDF-74F5-44C6-9B0C-77DF91EB397B}
		{C9D054A7-5223-4FB3-81F4-2394D0D4E168} = {F0AF8CDF-74F5-44C6-9B0C-77DF91EB397B}
		{D8890210-080E-4124-986E-175FEB4004EB} = {8FAFF6E3-0B72-44F5-A716-E5A33BAF80F9}
		{D98EB644-282F-46A7-9FFC-7DD231A10F6D} = {6806A416-C653-4B3C-AC43-847D408C4DDD}
		{EE635E08-5CC8-4FEE-A72C-2AE162FB385A} = {8D18DEB8-45E7-441D-8A63-8D9B78E73103}
		{D7CCA7C8-1719-457A-BE79-ED2C707EF4A9} = {EE635E08-5CC8-4FEE-A72C-2AE162FB385A}
		{CDD41EE2-F553-4CB7-9C7D-BC6926D39D1D} = {F0AF8CDF-74F5-44C6-9B0C-77DF91EB397B}
		{A8D89F79-918B-41A7-8390-665944426B93} = {EE635E08-5CC8-4FEE-A72C-2AE162FB385A}
		{D1A89914-6359-4BFE-9F55-94BB374751EB} = {EE635E08-5CC8-4FEE-A72C-2AE162FB385A}
		{D84E86A7-FC7C-442E-81EF-3EFDA323C1CA} = {F0AF8CDF-74F5-44C6-9B0C-77DF91EB397B}
		{5896E7DA-44EA-44BA-88CA-2BD669B32E79} = {EE635E08-5CC8-4FEE-A72C-2AE162FB385A}
		{FC4AB0C8-8000-4BBB-BB0A-37296DBBC9AF} = {F0AF8CDF-74F5-44C6-9B0C-77DF91EB397B}
		{0271A7A5-3894-4189-892F-0E9634554C1B} = {F0AF8CDF-74F5-44C6-9B0C-77DF91EB397B}
		{72381595-B57E-438A-A524-DFE7AA6EB289} = {EE635E08-5CC8-4FEE-A72C-2AE162FB385A}
		{F57136CB-CFEC-48F3-B0F3-6F87D26D85DC} = {F0AF8CDF-74F5-44C6-9B0C-77DF91EB397B}
		{CB2907CC-930F-4559-93EA-90CC78B0F3E4} = {2ADF9323-790F-46A3-934C-80F6DAFD56C5}
		{D7D2A0A4-BAE3-4EA6-98DC-D789514F9EF2} = {2ADF9323-790F-46A3-934C-80F6DAFD56C5}
		{1BC3BE09-C6C6-4947-BAD6-48475D43B2EC} = {CB2907CC-930F-4559-93EA-90CC78B0F3E4}
		{E2D6937D-1557-4994-8266-7A05E74BBBDB} = {CB2907CC-930F-4559-93EA-90CC78B0F3E4}
		{BB9681E0-F6A1-4638-A90F-F0D4A08094C4} = {1BC3BE09-C6C6-4947-BAD6-48475D43B2EC}
		{D7EE7B5D-F8A8-4A33-8855-3CEC426E3DFD} = {1D661846-CFAC-4E86-A203-89F1AB7C9CF3}
		{4C4EDFE9-3D61-4D2A-8832-67E262B4DD80} = {68BBDA15-1A9C-4759-A77A-8FE02F33D889}
		{03AEC9DA-D00F-4824-A24A-74198AAB70F1} = {6806A416-C653-4B3C-AC43-847D408C4DDD}
		{368F4D5B-D1E3-43F2-B661-A0306A23F0EF} = {E2D6937D-1557-4994-8266-7A05E74BBBDB}
	EndGlobalSection
EndGlobal
